// !$*UTF8*$!
// 由 tools/gen_ios_project.py 生成,不要手工编辑 —— 重跑脚本即可。
{
	archiveVersion = 1;
	classes = {};
	objectVersion = 56;
	objects = {

/* Begin PBXBuildFile section */
		68B744C71A1A785CED2CA3A8 /* Apps/Codex/CodexCapability.swift in Sources */ = {isa = PBXBuildFile; fileRef = AD4874E6024226AA7DB468FB /* Apps/Codex/CodexCapability.swift */; };
		8CFD8397646CEDEB18256EDB /* Apps/Firmware/AppCatalogSource.swift in Sources */ = {isa = PBXBuildFile; fileRef = FEFC7A44D8584B53B83FD910 /* Apps/Firmware/AppCatalogSource.swift */; };
		6ED0792C50B340F164F2DEBC /* Apps/Firmware/AppStore.swift in Sources */ = {isa = PBXBuildFile; fileRef = 762F6EF4BFB6AAC460B7C840 /* Apps/Firmware/AppStore.swift */; };
		96AACADC4802588ED25FD3DD /* Apps/Firmware/FirmwareVersion.swift in Sources */ = {isa = PBXBuildFile; fileRef = D85E0B1CFE7DB4B13CFBAF44 /* Apps/Firmware/FirmwareVersion.swift */; };
		3B0BCBB2F6DD477A8779D84F /* Apps/Meal/MealCapability.swift in Sources */ = {isa = PBXBuildFile; fileRef = F6E4D4CA422F930EF9E4EA7A /* Apps/Meal/MealCapability.swift */; };
		0CB0C86B8942B94297C48747 /* Apps/Meal/MealClient.swift in Sources */ = {isa = PBXBuildFile; fileRef = 06FCB3BEE6A504D6D58F3284 /* Apps/Meal/MealClient.swift */; };
		127504CC5A6CC28C79F64A81 /* Apps/Meal/MealNotificationScheduler.swift in Sources */ = {isa = PBXBuildFile; fileRef = 3AD1F15A619F7F748050AC3E /* Apps/Meal/MealNotificationScheduler.swift */; };
		29155F6AE7E41F73979FEF50 /* Apps/Meal/MealProtocol.swift in Sources */ = {isa = PBXBuildFile; fileRef = 9CF07CEE44A3EA27D794A4A8 /* Apps/Meal/MealProtocol.swift */; };
		D1AB21D8A5EB67AFDFFB8B48 /* Apps/Walkie/SystemPushToTalk.swift in Sources */ = {isa = PBXBuildFile; fileRef = 6B4E5E180F621D24C3A7F8B7 /* Apps/Walkie/SystemPushToTalk.swift */; };
		E385A01AADA91098EC03F2B7 /* Apps/Walkie/WalkieCapability.swift in Sources */ = {isa = PBXBuildFile; fileRef = 9948C417042186EE78120F5B /* Apps/Walkie/WalkieCapability.swift */; };
		4EEC39BF30E2327512350B00 /* Apps/Walkie/WalkieClient.swift in Sources */ = {isa = PBXBuildFile; fileRef = 2787370EAD2AC5EBC68DAA5D /* Apps/Walkie/WalkieClient.swift */; };
		2D5EB6CF3E36593A6DDF558E /* Apps/Walkie/WalkieProtocol.swift in Sources */ = {isa = PBXBuildFile; fileRef = 02575EAC81BBFFA4CE3170E4 /* Apps/Walkie/WalkieProtocol.swift */; };
		3E126E45646AD1923892E6C7 /* Capabilities/IMAADPCM.swift in Sources */ = {isa = PBXBuildFile; fileRef = B201271285EBB1D3279DBE04 /* Capabilities/IMAADPCM.swift */; };
		81652A49AE2200319B4F6FC9 /* Capabilities/VoiceInputPipeline.swift in Sources */ = {isa = PBXBuildFile; fileRef = 132C0E5BBC3C32312B73EA19 /* Capabilities/VoiceInputPipeline.swift */; };
		6CCC55F25C5F04CA0D4064BE /* Framework/AppConfigStore.swift in Sources */ = {isa = PBXBuildFile; fileRef = 8EADD0B6C0E561D49EE0B0F9 /* Framework/AppConfigStore.swift */; };
		74A35F226346E487C9988DF4 /* Framework/AppCore.swift in Sources */ = {isa = PBXBuildFile; fileRef = 79FE194BD935F9CBC180DE4E /* Framework/AppCore.swift */; };
		167C51DC3DF150A62255C6C9 /* Framework/AppOverlay.swift in Sources */ = {isa = PBXBuildFile; fileRef = 15669C2EEE1B152565AFED87 /* Framework/AppOverlay.swift */; };
		52D439AEEF69AC402B1CC154 /* Framework/BLERelay.swift in Sources */ = {isa = PBXBuildFile; fileRef = E0FC0D3F82EC8168FD7E7111 /* Framework/BLERelay.swift */; };
		24C8E90CB053568B9FBEB348 /* Framework/BLERelayReconnectPolicy.swift in Sources */ = {isa = PBXBuildFile; fileRef = 603F375840EEA0576EA62EB9 /* Framework/BLERelayReconnectPolicy.swift */; };
		1F33C3FB3564AFEE2B3FBF01 /* Framework/DeviceConfig.swift in Sources */ = {isa = PBXBuildFile; fileRef = EC24396235D6CB483BA39AB8 /* Framework/DeviceConfig.swift */; };
		059DF9A67D41A6619C4C6354 /* Framework/DeviceSession.swift in Sources */ = {isa = PBXBuildFile; fileRef = 65EAF9AE4F456EA38EC1CFD8 /* Framework/DeviceSession.swift */; };
		B56B15C1CA08143BE85B817A /* Framework/DevicesBar.swift in Sources */ = {isa = PBXBuildFile; fileRef = 539836B337DDB0E3D75BD91C /* Framework/DevicesBar.swift */; };
		8FB7EC335C3B01C991149529 /* Framework/Digest.swift in Sources */ = {isa = PBXBuildFile; fileRef = 73EE390E60B0C5E86E556C84 /* Framework/Digest.swift */; };
		63BB59F4E21574EF320120F9 /* Framework/Logging.swift in Sources */ = {isa = PBXBuildFile; fileRef = 2C1B23FA7F340B9C215A85D5 /* Framework/Logging.swift */; };
		601E7B90E54BD87D23CBAF39 /* Framework/Manifest/AppCapability.swift in Sources */ = {isa = PBXBuildFile; fileRef = 143EF9632137B4B5FB642389 /* Framework/Manifest/AppCapability.swift */; };
		C3125663AEBA716EBD4B476F /* Framework/Manifest/AppManifest.swift in Sources */ = {isa = PBXBuildFile; fileRef = 6D8129A004031A5574610F2C /* Framework/Manifest/AppManifest.swift */; };
		4992CA97A0EEEA7338DF34F1 /* Framework/Manifest/AppRegistry.swift in Sources */ = {isa = PBXBuildFile; fileRef = 3CD8ED988E88F388AC1C7A6F /* Framework/Manifest/AppRegistry.swift */; };
		6ED1CB258E4EBD07B5C83409 /* Framework/Manifest/JSONValue.swift in Sources */ = {isa = PBXBuildFile; fileRef = E0F316BE06F8A02EF0A7EFFD /* Framework/Manifest/JSONValue.swift */; };
		7446E407D278C7C998ABEEB1 /* Framework/Manifest/ManifestApp.swift in Sources */ = {isa = PBXBuildFile; fileRef = 70EB31831D830B143C5308B7 /* Framework/Manifest/ManifestApp.swift */; };
		F92E88D5BF1FE6DE53F1BA7C /* Framework/Manifest/ManifestStore.swift in Sources */ = {isa = PBXBuildFile; fileRef = B4365977C9935A78FA987CC2 /* Framework/Manifest/ManifestStore.swift */; };
		40310E2D7F643590457D7909 /* Framework/Manifest/Template.swift in Sources */ = {isa = PBXBuildFile; fileRef = BD625FD19B0A08DFCA73BC1E /* Framework/Manifest/Template.swift */; };
		E23A7087EABB87F8A482F1CA /* Framework/Protocol.swift in Sources */ = {isa = PBXBuildFile; fileRef = FBD27DF5D8E9E454E8AB85AF /* Framework/Protocol.swift */; };
		5F520AE6EF1D1CB7F9A87FCC /* Framework/RelayApp.swift in Sources */ = {isa = PBXBuildFile; fileRef = A5CA068EAD936CAF7DC9AF15 /* Framework/RelayApp.swift */; };
		46D5BB677FA7A30AF02F8121 /* Framework/RemoteApps.swift in Sources */ = {isa = PBXBuildFile; fileRef = 64B2ED6C85C8B4B1CD617025 /* Framework/RemoteApps.swift */; };
		C1C233F109CFE98C14A3E4E9 /* AppCatalog in Resources */ = {isa = PBXBuildFile; fileRef = 0D1258AFCC66518EBE29D534 /* AppCatalog */; };
		A7A831C3179B32E39355F34E /* AppManifests in Resources */ = {isa = PBXBuildFile; fileRef = B305A6440954D2AA8ACDE484 /* AppManifests */; };
/* End PBXBuildFile section */

/* Begin PBXFileReference section */
		AD4874E6024226AA7DB468FB /* Apps/Codex/CodexCapability.swift */ = {isa = PBXFileReference; lastKnownFileType = sourcecode.swift; path = Apps/Codex/CodexCapability.swift; sourceTree = "<group>"; };
		FEFC7A44D8584B53B83FD910 /* Apps/Firmware/AppCatalogSource.swift */ = {isa = PBXFileReference; lastKnownFileType = sourcecode.swift; path = Apps/Firmware/AppCatalogSource.swift; sourceTree = "<group>"; };
		762F6EF4BFB6AAC460B7C840 /* Apps/Firmware/AppStore.swift */ = {isa = PBXFileReference; lastKnownFileType = sourcecode.swift; path = Apps/Firmware/AppStore.swift; sourceTree = "<group>"; };
		D85E0B1CFE7DB4B13CFBAF44 /* Apps/Firmware/FirmwareVersion.swift */ = {isa = PBXFileReference; lastKnownFileType = sourcecode.swift; path = Apps/Firmware/FirmwareVersion.swift; sourceTree = "<group>"; };
		F6E4D4CA422F930EF9E4EA7A /* Apps/Meal/MealCapability.swift */ = {isa = PBXFileReference; lastKnownFileType = sourcecode.swift; path = Apps/Meal/MealCapability.swift; sourceTree = "<group>"; };
		06FCB3BEE6A504D6D58F3284 /* Apps/Meal/MealClient.swift */ = {isa = PBXFileReference; lastKnownFileType = sourcecode.swift; path = Apps/Meal/MealClient.swift; sourceTree = "<group>"; };
		3AD1F15A619F7F748050AC3E /* Apps/Meal/MealNotificationScheduler.swift */ = {isa = PBXFileReference; lastKnownFileType = sourcecode.swift; path = Apps/Meal/MealNotificationScheduler.swift; sourceTree = "<group>"; };
		9CF07CEE44A3EA27D794A4A8 /* Apps/Meal/MealProtocol.swift */ = {isa = PBXFileReference; lastKnownFileType = sourcecode.swift; path = Apps/Meal/MealProtocol.swift; sourceTree = "<group>"; };
		6B4E5E180F621D24C3A7F8B7 /* Apps/Walkie/SystemPushToTalk.swift */ = {isa = PBXFileReference; lastKnownFileType = sourcecode.swift; path = Apps/Walkie/SystemPushToTalk.swift; sourceTree = "<group>"; };
		9948C417042186EE78120F5B /* Apps/Walkie/WalkieCapability.swift */ = {isa = PBXFileReference; lastKnownFileType = sourcecode.swift; path = Apps/Walkie/WalkieCapability.swift; sourceTree = "<group>"; };
		2787370EAD2AC5EBC68DAA5D /* Apps/Walkie/WalkieClient.swift */ = {isa = PBXFileReference; lastKnownFileType = sourcecode.swift; path = Apps/Walkie/WalkieClient.swift; sourceTree = "<group>"; };
		02575EAC81BBFFA4CE3170E4 /* Apps/Walkie/WalkieProtocol.swift */ = {isa = PBXFileReference; lastKnownFileType = sourcecode.swift; path = Apps/Walkie/WalkieProtocol.swift; sourceTree = "<group>"; };
		B201271285EBB1D3279DBE04 /* Capabilities/IMAADPCM.swift */ = {isa = PBXFileReference; lastKnownFileType = sourcecode.swift; path = Capabilities/IMAADPCM.swift; sourceTree = "<group>"; };
		132C0E5BBC3C32312B73EA19 /* Capabilities/VoiceInputPipeline.swift */ = {isa = PBXFileReference; lastKnownFileType = sourcecode.swift; path = Capabilities/VoiceInputPipeline.swift; sourceTree = "<group>"; };
		8EADD0B6C0E561D49EE0B0F9 /* Framework/AppConfigStore.swift */ = {isa = PBXFileReference; lastKnownFileType = sourcecode.swift; path = Framework/AppConfigStore.swift; sourceTree = "<group>"; };
		79FE194BD935F9CBC180DE4E /* Framework/AppCore.swift */ = {isa = PBXFileReference; lastKnownFileType = sourcecode.swift; path = Framework/AppCore.swift; sourceTree = "<group>"; };
		15669C2EEE1B152565AFED87 /* Framework/AppOverlay.swift */ = {isa = PBXFileReference; lastKnownFileType = sourcecode.swift; path = Framework/AppOverlay.swift; sourceTree = "<group>"; };
		E0FC0D3F82EC8168FD7E7111 /* Framework/BLERelay.swift */ = {isa = PBXFileReference; lastKnownFileType = sourcecode.swift; path = Framework/BLERelay.swift; sourceTree = "<group>"; };
		603F375840EEA0576EA62EB9 /* Framework/BLERelayReconnectPolicy.swift */ = {isa = PBXFileReference; lastKnownFileType = sourcecode.swift; path = Framework/BLERelayReconnectPolicy.swift; sourceTree = "<group>"; };
		EC24396235D6CB483BA39AB8 /* Framework/DeviceConfig.swift */ = {isa = PBXFileReference; lastKnownFileType = sourcecode.swift; path = Framework/DeviceConfig.swift; sourceTree = "<group>"; };
		65EAF9AE4F456EA38EC1CFD8 /* Framework/DeviceSession.swift */ = {isa = PBXFileReference; lastKnownFileType = sourcecode.swift; path = Framework/DeviceSession.swift; sourceTree = "<group>"; };
		539836B337DDB0E3D75BD91C /* Framework/DevicesBar.swift */ = {isa = PBXFileReference; lastKnownFileType = sourcecode.swift; path = Framework/DevicesBar.swift; sourceTree = "<group>"; };
		73EE390E60B0C5E86E556C84 /* Framework/Digest.swift */ = {isa = PBXFileReference; lastKnownFileType = sourcecode.swift; path = Framework/Digest.swift; sourceTree = "<group>"; };
		2C1B23FA7F340B9C215A85D5 /* Framework/Logging.swift */ = {isa = PBXFileReference; lastKnownFileType = sourcecode.swift; path = Framework/Logging.swift; sourceTree = "<group>"; };
		143EF9632137B4B5FB642389 /* Framework/Manifest/AppCapability.swift */ = {isa = PBXFileReference; lastKnownFileType = sourcecode.swift; path = Framework/Manifest/AppCapability.swift; sourceTree = "<group>"; };
		6D8129A004031A5574610F2C /* Framework/Manifest/AppManifest.swift */ = {isa = PBXFileReference; lastKnownFileType = sourcecode.swift; path = Framework/Manifest/AppManifest.swift; sourceTree = "<group>"; };
		3CD8ED988E88F388AC1C7A6F /* Framework/Manifest/AppRegistry.swift */ = {isa = PBXFileReference; lastKnownFileType = sourcecode.swift; path = Framework/Manifest/AppRegistry.swift; sourceTree = "<group>"; };
		E0F316BE06F8A02EF0A7EFFD /* Framework/Manifest/JSONValue.swift */ = {isa = PBXFileReference; lastKnownFileType = sourcecode.swift; path = Framework/Manifest/JSONValue.swift; sourceTree = "<group>"; };
		70EB31831D830B143C5308B7 /* Framework/Manifest/ManifestApp.swift */ = {isa = PBXFileReference; lastKnownFileType = sourcecode.swift; path = Framework/Manifest/ManifestApp.swift; sourceTree = "<group>"; };
		B4365977C9935A78FA987CC2 /* Framework/Manifest/ManifestStore.swift */ = {isa = PBXFileReference; lastKnownFileType = sourcecode.swift; path = Framework/Manifest/ManifestStore.swift; sourceTree = "<group>"; };
		BD625FD19B0A08DFCA73BC1E /* Framework/Manifest/Template.swift */ = {isa = PBXFileReference; lastKnownFileType = sourcecode.swift; path = Framework/Manifest/Template.swift; sourceTree = "<group>"; };
		FBD27DF5D8E9E454E8AB85AF /* Framework/Protocol.swift */ = {isa = PBXFileReference; lastKnownFileType = sourcecode.swift; path = Framework/Protocol.swift; sourceTree = "<group>"; };
		A5CA068EAD936CAF7DC9AF15 /* Framework/RelayApp.swift */ = {isa = PBXFileReference; lastKnownFileType = sourcecode.swift; path = Framework/RelayApp.swift; sourceTree = "<group>"; };
		64B2ED6C85C8B4B1CD617025 /* Framework/RemoteApps.swift */ = {isa = PBXFileReference; lastKnownFileType = sourcecode.swift; path = Framework/RemoteApps.swift; sourceTree = "<group>"; };
		F5BF48AA40CAD7891EB709FC /* FoloCodexRelay.app */ = {isa = PBXFileReference; explicitFileType = wrapper.application; includeInIndex = 0; path = FoloCodexRelay.app; sourceTree = BUILT_PRODUCTS_DIR; };
		0D1258AFCC66518EBE29D534 /* AppCatalog */ = {isa = PBXFileReference; lastKnownFileType = folder; name = AppCatalog; path = AppCatalog; sourceTree = "<group>"; };
		B305A6440954D2AA8ACDE484 /* AppManifests */ = {isa = PBXFileReference; lastKnownFileType = folder; name = AppManifests; path = AppManifests; sourceTree = "<group>"; };
/* End PBXFileReference section */

/* Begin PBXGroup section */
		2B731CEFC6751AAE0EC69B98 = {
			isa = PBXGroup;
			children = (
				429461E971936A1CC87DA17D /* Shared */,
				0D1258AFCC66518EBE29D534 /* AppCatalog */,
				B305A6440954D2AA8ACDE484 /* AppManifests */,
				15AAFBE1AEAEDE226F6D2191 /* Products */,
			);
			sourceTree = "<group>";
		};
		429461E971936A1CC87DA17D /* Shared */ = {
			isa = PBXGroup;
			children = (
				AD4874E6024226AA7DB468FB /* Apps/Codex/CodexCapability.swift */,
				FEFC7A44D8584B53B83FD910 /* Apps/Firmware/AppCatalogSource.swift */,
				762F6EF4BFB6AAC460B7C840 /* Apps/Firmware/AppStore.swift */,
				D85E0B1CFE7DB4B13CFBAF44 /* Apps/Firmware/FirmwareVersion.swift */,
				F6E4D4CA422F930EF9E4EA7A /* Apps/Meal/MealCapability.swift */,
				06FCB3BEE6A504D6D58F3284 /* Apps/Meal/MealClient.swift */,
				3AD1F15A619F7F748050AC3E /* Apps/Meal/MealNotificationScheduler.swift */,
				9CF07CEE44A3EA27D794A4A8 /* Apps/Meal/MealProtocol.swift */,
				6B4E5E180F621D24C3A7F8B7 /* Apps/Walkie/SystemPushToTalk.swift */,
				9948C417042186EE78120F5B /* Apps/Walkie/WalkieCapability.swift */,
				2787370EAD2AC5EBC68DAA5D /* Apps/Walkie/WalkieClient.swift */,
				02575EAC81BBFFA4CE3170E4 /* Apps/Walkie/WalkieProtocol.swift */,
				B201271285EBB1D3279DBE04 /* Capabilities/IMAADPCM.swift */,
				132C0E5BBC3C32312B73EA19 /* Capabilities/VoiceInputPipeline.swift */,
				8EADD0B6C0E561D49EE0B0F9 /* Framework/AppConfigStore.swift */,
				79FE194BD935F9CBC180DE4E /* Framework/AppCore.swift */,
				15669C2EEE1B152565AFED87 /* Framework/AppOverlay.swift */,
				E0FC0D3F82EC8168FD7E7111 /* Framework/BLERelay.swift */,
				603F375840EEA0576EA62EB9 /* Framework/BLERelayReconnectPolicy.swift */,
				EC24396235D6CB483BA39AB8 /* Framework/DeviceConfig.swift */,
				65EAF9AE4F456EA38EC1CFD8 /* Framework/DeviceSession.swift */,
				539836B337DDB0E3D75BD91C /* Framework/DevicesBar.swift */,
				73EE390E60B0C5E86E556C84 /* Framework/Digest.swift */,
				2C1B23FA7F340B9C215A85D5 /* Framework/Logging.swift */,
				143EF9632137B4B5FB642389 /* Framework/Manifest/AppCapability.swift */,
				6D8129A004031A5574610F2C /* Framework/Manifest/AppManifest.swift */,
				3CD8ED988E88F388AC1C7A6F /* Framework/Manifest/AppRegistry.swift */,
				E0F316BE06F8A02EF0A7EFFD /* Framework/Manifest/JSONValue.swift */,
				70EB31831D830B143C5308B7 /* Framework/Manifest/ManifestApp.swift */,
				B4365977C9935A78FA987CC2 /* Framework/Manifest/ManifestStore.swift */,
				BD625FD19B0A08DFCA73BC1E /* Framework/Manifest/Template.swift */,
				FBD27DF5D8E9E454E8AB85AF /* Framework/Protocol.swift */,
				A5CA068EAD936CAF7DC9AF15 /* Framework/RelayApp.swift */,
				64B2ED6C85C8B4B1CD617025 /* Framework/RemoteApps.swift */,
			);
			path = FoloCodexRelay/Shared;
			sourceTree = "<group>";
		};
		15AAFBE1AEAEDE226F6D2191 /* Products */ = {
			isa = PBXGroup;
			children = (
				F5BF48AA40CAD7891EB709FC /* FoloCodexRelay.app */,
			);
			name = Products;
			sourceTree = "<group>";
		};
/* End PBXGroup section */

/* Begin PBXNativeTarget section */
		42AEFBAE01D2DFD981F7DA7D /* FoloCodexRelay */ = {
			isa = PBXNativeTarget;
			buildConfigurationList = B351D9E61CFAD9F667AA7583;
			buildPhases = (
				FCA229C23F166EBB0BA5029E,
				059DB2086B49B680F85B3555,
				B9C6EB6F79FC54535ACB3053,
				BC4F0C97B0312FE4A9554C47,
			);
			buildRules = ();
			dependencies = ();
			name = FoloCodexRelay;
			productName = FoloCodexRelay;
			productReference = F5BF48AA40CAD7891EB709FC /* FoloCodexRelay.app */;
			productType = "com.apple.product-type.application";
		};
/* End PBXNativeTarget section */

/* Begin PBXShellScriptBuildPhase section */
		BC4F0C97B0312FE4A9554C47 /* 打包应用配置 */ = {
			isa = PBXShellScriptBuildPhase;
			alwaysOutOfDate = 1;
			buildActionMask = 2147483647;
			files = ();
			inputPaths = (
				"$(TARGET_BUILD_DIR)/$(INFOPLIST_PATH)",
			);
			name = "打包应用配置";
			outputPaths = ();
			runOnlyForDeploymentPostprocessing = 0;
			shellPath = /bin/sh;
			shellScript = "python3 \"${SRCROOT}/../tools/update_firmware_catalog.py\" --check --firmware \"${SRCROOT}/AppCatalog/current-firmware.bin\" --catalog \"${SRCROOT}/AppCatalog/catalog.json\"\nbundle_dir=\"${BUILT_PRODUCTS_DIR}/${FULL_PRODUCT_NAME}\"\nrm -f \"${bundle_dir}/meal.json\" \"${bundle_dir}/walkie.json\"\nif [ \"${FOLO_BUNDLE_CONFIG:-0}\" = 1 ]; then\n  python3 \"${SRCROOT}/bundle-app-configs.py\" \"${bundle_dir}\"\nelse\n  echo \"\u5e94\u7528\u670d\u52a1\u5730\u5740\u672a\u6253\u5305\"\nfi";
		};
/* End PBXShellScriptBuildPhase section */

/* Begin PBXProject section */
		46F86FAA6BBF9AC94A7E4595 /* Project object */ = {
			isa = PBXProject;
			attributes = {
				BuildIndependentTargetsInParallel = 1;
				LastSwiftUpdateCheck = 1600;
				LastUpgradeCheck = 1600;
				TargetAttributes = {
					42AEFBAE01D2DFD981F7DA7D = {
						CreatedOnToolsVersion = 16.0;
					};
				};
			};
			buildConfigurationList = 200AD4F23452D049FE3D290D;
			compatibilityVersion = "Xcode 14.0";
			developmentRegion = en;
			hasScannedForEncodings = 0;
			knownRegions = (en, Base);
			mainGroup = 2B731CEFC6751AAE0EC69B98;
			productRefGroup = 15AAFBE1AEAEDE226F6D2191 /* Products */;
			projectDirPath = "";
			projectRoot = "";
			targets = (
				42AEFBAE01D2DFD981F7DA7D /* FoloCodexRelay */,
			);
		};
/* End PBXProject section */

/* Begin PBXResourcesBuildPhase section */
		B9C6EB6F79FC54535ACB3053 = {
			isa = PBXResourcesBuildPhase;
			buildActionMask = 2147483647;
			files = (
				C1C233F109CFE98C14A3E4E9 /* AppCatalog in Resources */,
				A7A831C3179B32E39355F34E /* AppManifests in Resources */,
			);
			runOnlyForDeploymentPostprocessing = 0;
		};
/* End PBXResourcesBuildPhase section */

/* Begin PBXSourcesBuildPhase section */
		FCA229C23F166EBB0BA5029E = {
			isa = PBXSourcesBuildPhase;
			buildActionMask = 2147483647;
			files = (
				68B744C71A1A785CED2CA3A8 /* Apps/Codex/CodexCapability.swift in Sources */,
				8CFD8397646CEDEB18256EDB /* Apps/Firmware/AppCatalogSource.swift in Sources */,
				6ED0792C50B340F164F2DEBC /* Apps/Firmware/AppStore.swift in Sources */,
				96AACADC4802588ED25FD3DD /* Apps/Firmware/FirmwareVersion.swift in Sources */,
				3B0BCBB2F6DD477A8779D84F /* Apps/Meal/MealCapability.swift in Sources */,
				0CB0C86B8942B94297C48747 /* Apps/Meal/MealClient.swift in Sources */,
				127504CC5A6CC28C79F64A81 /* Apps/Meal/MealNotificationScheduler.swift in Sources */,
				29155F6AE7E41F73979FEF50 /* Apps/Meal/MealProtocol.swift in Sources */,
				D1AB21D8A5EB67AFDFFB8B48 /* Apps/Walkie/SystemPushToTalk.swift in Sources */,
				E385A01AADA91098EC03F2B7 /* Apps/Walkie/WalkieCapability.swift in Sources */,
				4EEC39BF30E2327512350B00 /* Apps/Walkie/WalkieClient.swift in Sources */,
				2D5EB6CF3E36593A6DDF558E /* Apps/Walkie/WalkieProtocol.swift in Sources */,
				3E126E45646AD1923892E6C7 /* Capabilities/IMAADPCM.swift in Sources */,
				81652A49AE2200319B4F6FC9 /* Capabilities/VoiceInputPipeline.swift in Sources */,
				6CCC55F25C5F04CA0D4064BE /* Framework/AppConfigStore.swift in Sources */,
				74A35F226346E487C9988DF4 /* Framework/AppCore.swift in Sources */,
				167C51DC3DF150A62255C6C9 /* Framework/AppOverlay.swift in Sources */,
				52D439AEEF69AC402B1CC154 /* Framework/BLERelay.swift in Sources */,
				24C8E90CB053568B9FBEB348 /* Framework/BLERelayReconnectPolicy.swift in Sources */,
				1F33C3FB3564AFEE2B3FBF01 /* Framework/DeviceConfig.swift in Sources */,
				059DF9A67D41A6619C4C6354 /* Framework/DeviceSession.swift in Sources */,
				B56B15C1CA08143BE85B817A /* Framework/DevicesBar.swift in Sources */,
				8FB7EC335C3B01C991149529 /* Framework/Digest.swift in Sources */,
				63BB59F4E21574EF320120F9 /* Framework/Logging.swift in Sources */,
				601E7B90E54BD87D23CBAF39 /* Framework/Manifest/AppCapability.swift in Sources */,
				C3125663AEBA716EBD4B476F /* Framework/Manifest/AppManifest.swift in Sources */,
				4992CA97A0EEEA7338DF34F1 /* Framework/Manifest/AppRegistry.swift in Sources */,
				6ED1CB258E4EBD07B5C83409 /* Framework/Manifest/JSONValue.swift in Sources */,
				7446E407D278C7C998ABEEB1 /* Framework/Manifest/ManifestApp.swift in Sources */,
				F92E88D5BF1FE6DE53F1BA7C /* Framework/Manifest/ManifestStore.swift in Sources */,
				40310E2D7F643590457D7909 /* Framework/Manifest/Template.swift in Sources */,
				E23A7087EABB87F8A482F1CA /* Framework/Protocol.swift in Sources */,
				5F520AE6EF1D1CB7F9A87FCC /* Framework/RelayApp.swift in Sources */,
				46D5BB677FA7A30AF02F8121 /* Framework/RemoteApps.swift in Sources */,
			);
			runOnlyForDeploymentPostprocessing = 0;
		};
/* End PBXSourcesBuildPhase section */

/* Begin PBXFrameworksBuildPhase section */
		059DB2086B49B680F85B3555 = {
			isa = PBXFrameworksBuildPhase;
			buildActionMask = 2147483647;
			files = ();
			runOnlyForDeploymentPostprocessing = 0;
		};
/* End PBXFrameworksBuildPhase section */

/* Begin XCBuildConfiguration section */
		6F0B85FC643AF9C218F627EA /* Debug */ = {
			isa = XCBuildConfiguration;
			buildSettings = {
				CLANG_ENABLE_OBJC_ARC = YES;
				COPY_PHASE_STRIP = NO;
				ENABLE_STRICT_OBJC_MSGSEND = YES;
				GCC_NO_COMMON_BLOCKS = YES;
				IPHONEOS_DEPLOYMENT_TARGET = 17.0;
				ONLY_ACTIVE_ARCH = YES;
				SDKROOT = iphoneos;
				SWIFT_ACTIVE_COMPILATION_CONDITIONS = DEBUG;
				SWIFT_OPTIMIZATION_LEVEL = "-Onone";
				SWIFT_VERSION = 5.0;
			};
			name = Debug;
		};
		1B05A9D10F61E514E88AF240 /* Release */ = {
			isa = XCBuildConfiguration;
			buildSettings = {
				CLANG_ENABLE_OBJC_ARC = YES;
				COPY_PHASE_STRIP = NO;
				ENABLE_STRICT_OBJC_MSGSEND = YES;
				GCC_NO_COMMON_BLOCKS = YES;
				IPHONEOS_DEPLOYMENT_TARGET = 17.0;
				SDKROOT = iphoneos;
				SWIFT_COMPILATION_MODE = wholemodule;
				SWIFT_VERSION = 5.0;
				VALIDATE_PRODUCT = YES;
			};
			name = Release;
		};
		D87348BDE86A31AE1A1C3907 /* Debug */ = {
			isa = XCBuildConfiguration;
			buildSettings = {
				ASSETCATALOG_COMPILER_APPICON_NAME = "";
				APS_ENVIRONMENT = development;
				CODE_SIGN_STYLE = Automatic;
				CURRENT_PROJECT_VERSION = 1;
				GENERATE_INFOPLIST_FILE = NO;
				INFOPLIST_FILE = "FoloCodexRelay/Info-iOS.plist";
				LD_RUNPATH_SEARCH_PATHS = ("$(inherited)", "@executable_path/Frameworks");
				MARKETING_VERSION = 1.0;
				PRODUCT_BUNDLE_IDENTIFIER = com.folotoy.codexrelay;
				PRODUCT_NAME = "$(TARGET_NAME)";
				SWIFT_EMIT_LOC_STRINGS = YES;
				TARGETED_DEVICE_FAMILY = "1,2";
			};
			name = Debug;
		};
		024EEA213129F6CB818D8A64 /* Release */ = {
			isa = XCBuildConfiguration;
			buildSettings = {
				ASSETCATALOG_COMPILER_APPICON_NAME = "";
				APS_ENVIRONMENT = production;
				CODE_SIGN_STYLE = Automatic;
				CURRENT_PROJECT_VERSION = 1;
				GENERATE_INFOPLIST_FILE = NO;
				INFOPLIST_FILE = "FoloCodexRelay/Info-iOS.plist";
				LD_RUNPATH_SEARCH_PATHS = ("$(inherited)", "@executable_path/Frameworks");
				MARKETING_VERSION = 1.0;
				PRODUCT_BUNDLE_IDENTIFIER = com.folotoy.codexrelay;
				PRODUCT_NAME = "$(TARGET_NAME)";
				SWIFT_EMIT_LOC_STRINGS = YES;
				TARGETED_DEVICE_FAMILY = "1,2";
			};
			name = Release;
		};
/* End XCBuildConfiguration section */

/* Begin XCConfigurationList section */
		200AD4F23452D049FE3D290D = {
			isa = XCConfigurationList;
			buildConfigurations = (
				6F0B85FC643AF9C218F627EA /* Debug */,
				1B05A9D10F61E514E88AF240 /* Release */,
			);
			defaultConfigurationIsVisible = 0;
			defaultConfigurationName = Release;
		};
		B351D9E61CFAD9F667AA7583 = {
			isa = XCConfigurationList;
			buildConfigurations = (
				D87348BDE86A31AE1A1C3907 /* Debug */,
				024EEA213129F6CB818D8A64 /* Release */,
			);
			defaultConfigurationIsVisible = 0;
			defaultConfigurationName = Release;
		};
/* End XCConfigurationList section */
	};
	rootObject = 46F86FAA6BBF9AC94A7E4595 /* Project object */;
}
